
Microsoft Visual Studio Solution File, Format Version 12.00
# Visual Studio Version 16
VisualStudioVersion = 16.0.32002.261
MinimumVisualStudioVersion = 10.0.40219.1
Project("{FAE04EC0-301F-11D3-BF4B-00C04F79EFBC}") = "enum_class_static_PP", "enum_class_static_PP\enum_class_static_PP.csproj", "{3EC30112-1987-4F61-9108-A0227F28EEBB}"
EndProject
Global
	GlobalSection(SolutionConfigurationPlatforms) = preSolution
		Debug|Any CPU = Debug|Any CPU
		Release|Any CPU = Release|Any CPU
	EndGlobalSection
	GlobalSection(ProjectConfigurationPlatforms) = postSolution
		{3EC30112-1987-4F61-9108-A0227F28EEBB}.Debug|Any CPU.ActiveCfg = Debug|Any CPU
		{3EC30112-1987-4F61-9108-A0227F28EEBB}.Debug|Any CPU.Build.0 = Debug|Any CPU
		{3EC30112-1987-4F61-9108-A0227F28EEBB}.Release|Any CPU.ActiveCfg = Release|Any CPU
		{3EC30112-1987-4F61-9108-A0227F28EEBB}.Release|Any CPU.Build.0 = Release|Any CPU
	EndGlobalSection
	GlobalSection(SolutionProperties) = preSolution
		HideSolutionNode = FALSE
	EndGlobalSection
	GlobalSection(ExtensibilityGlobals) = postSolution
		SolutionGuid = {252A151C-A05E-4562-9F29-5075F449E88F}
	EndGlobalSection
EndGlobal
