
Microsoft Visual Studio Solution File, Format Version 12.00
# Visual Studio Version 17
VisualStudioVersion = 17.8.34330.188
MinimumVisualStudioVersion = 10.0.40219.1
Project("{FAE04EC0-301F-11D3-BF4B-00C04F79EFBC}") = "boolean_expressions", "boolean_expressions\boolean_expressions.csproj", "{2B1D3E77-B28B-4B6D-9FEA-8EF8095AF93A}"
EndProject
Global
	GlobalSection(SolutionConfigurationPlatforms) = preSolution
		Debug|Any CPU = Debug|Any CPU
		Release|Any CPU = Release|Any CPU
	EndGlobalSection
	GlobalSection(ProjectConfigurationPlatforms) = postSolution
		{2B1D3E77-B28B-4B6D-9FEA-8EF8095AF93A}.Debug|Any CPU.ActiveCfg = Debug|Any CPU
		{2B1D3E77-B28B-4B6D-9FEA-8EF8095AF93A}.Debug|Any CPU.Build.0 = Debug|Any CPU
		{2B1D3E77-B28B-4B6D-9FEA-8EF8095AF93A}.Release|Any CPU.ActiveCfg = Release|Any CPU
		{2B1D3E77-B28B-4B6D-9FEA-8EF8095AF93A}.Release|Any CPU.Build.0 = Release|Any CPU
	EndGlobalSection
	GlobalSection(SolutionProperties) = preSolution
		HideSolutionNode = FALSE
	EndGlobalSection
	GlobalSection(ExtensibilityGlobals) = postSolution
		SolutionGuid = {EAD78602-EB16-490D-8BF8-B67F88E8D590}
	EndGlobalSection
EndGlobal
