
Microsoft Visual Studio Solution File, Format Version 12.00
# Visual Studio Version 16
VisualStudioVersion = 16.0.31729.503
MinimumVisualStudioVersion = 10.0.40219.1
Project("{FAE04EC0-301F-11D3-BF4B-00C04F79EFBC}") = "recursive_method+_PP", "recursive_method+_PP\recursive_method+_PP.csproj", "{982E6177-7687-4FB4-ACA2-2E57E89B176F}"
EndProject
Global
	GlobalSection(SolutionConfigurationPlatforms) = preSolution
		Debug|Any CPU = Debug|Any CPU
		Release|Any CPU = Release|Any CPU
	EndGlobalSection
	GlobalSection(ProjectConfigurationPlatforms) = postSolution
		{982E6177-7687-4FB4-ACA2-2E57E89B176F}.Debug|Any CPU.ActiveCfg = Debug|Any CPU
		{982E6177-7687-4FB4-ACA2-2E57E89B176F}.Debug|Any CPU.Build.0 = Debug|Any CPU
		{982E6177-7687-4FB4-ACA2-2E57E89B176F}.Release|Any CPU.ActiveCfg = Release|Any CPU
		{982E6177-7687-4FB4-ACA2-2E57E89B176F}.Release|Any CPU.Build.0 = Release|Any CPU
	EndGlobalSection
	GlobalSection(SolutionProperties) = preSolution
		HideSolutionNode = FALSE
	EndGlobalSection
	GlobalSection(ExtensibilityGlobals) = postSolution
		SolutionGuid = {239883F8-9A1A-4ADC-AC1F-50E7C2AD2F23}
	EndGlobalSection
EndGlobal
