
Microsoft Visual Studio Solution File, Format Version 12.00
# Visual Studio Version 17
VisualStudioVersion = 17.8.34330.188
MinimumVisualStudioVersion = 10.0.40219.1
Project("{FAE04EC0-301F-11D3-BF4B-00C04F79EFBC}") = "my_little_tests_EW", "my_little_tests_EW\my_little_tests_EW.csproj", "{284114FF-528D-477A-BF3D-A3EDB4F1EB57}"
EndProject
Global
	GlobalSection(SolutionConfigurationPlatforms) = preSolution
		Debug|Any CPU = Debug|Any CPU
		Release|Any CPU = Release|Any CPU
	EndGlobalSection
	GlobalSection(ProjectConfigurationPlatforms) = postSolution
		{284114FF-528D-477A-BF3D-A3EDB4F1EB57}.Debug|Any CPU.ActiveCfg = Debug|Any CPU
		{284114FF-528D-477A-BF3D-A3EDB4F1EB57}.Debug|Any CPU.Build.0 = Debug|Any CPU
		{284114FF-528D-477A-BF3D-A3EDB4F1EB57}.Release|Any CPU.ActiveCfg = Release|Any CPU
		{284114FF-528D-477A-BF3D-A3EDB4F1EB57}.Release|Any CPU.Build.0 = Release|Any CPU
	EndGlobalSection
	GlobalSection(SolutionProperties) = preSolution
		HideSolutionNode = FALSE
	EndGlobalSection
	GlobalSection(ExtensibilityGlobals) = postSolution
		SolutionGuid = {876BAD65-7DED-41BB-92F4-1012C840CD35}
	EndGlobalSection
EndGlobal
