
Microsoft Visual Studio Solution File, Format Version 12.00
# Visual Studio Version 17
VisualStudioVersion = 17.8.34330.188
MinimumVisualStudioVersion = 10.0.40219.1
Project("{FAE04EC0-301F-11D3-BF4B-00C04F79EFBC}") = "our_lucky_numbers", "our_lucky_numbers\our_lucky_numbers.csproj", "{CDEE11FD-1B10-44A7-84C5-F6523CF1B914}"
EndProject
Global
	GlobalSection(SolutionConfigurationPlatforms) = preSolution
		Debug|Any CPU = Debug|Any CPU
		Release|Any CPU = Release|Any CPU
	EndGlobalSection
	GlobalSection(ProjectConfigurationPlatforms) = postSolution
		{CDEE11FD-1B10-44A7-84C5-F6523CF1B914}.Debug|Any CPU.ActiveCfg = Debug|Any CPU
		{CDEE11FD-1B10-44A7-84C5-F6523CF1B914}.Debug|Any CPU.Build.0 = Debug|Any CPU
		{CDEE11FD-1B10-44A7-84C5-F6523CF1B914}.Release|Any CPU.ActiveCfg = Release|Any CPU
		{CDEE11FD-1B10-44A7-84C5-F6523CF1B914}.Release|Any CPU.Build.0 = Release|Any CPU
	EndGlobalSection
	GlobalSection(SolutionProperties) = preSolution
		HideSolutionNode = FALSE
	EndGlobalSection
	GlobalSection(ExtensibilityGlobals) = postSolution
		SolutionGuid = {B2734303-A7B4-4D38-AB6D-23B380ACCDC0}
	EndGlobalSection
EndGlobal
