
Microsoft Visual Studio Solution File, Format Version 12.00
# Visual Studio Version 17
VisualStudioVersion = 17.8.34330.188
MinimumVisualStudioVersion = 10.0.40219.1
Project("{FAE04EC0-301F-11D3-BF4B-00C04F79EFBC}") = "c_sharp_operations", "c_sharp_operations\c_sharp_operations.csproj", "{4986A476-5EC9-43A0-A617-B74FDC904AB4}"
EndProject
Global
	GlobalSection(SolutionConfigurationPlatforms) = preSolution
		Debug|Any CPU = Debug|Any CPU
		Release|Any CPU = Release|Any CPU
	EndGlobalSection
	GlobalSection(ProjectConfigurationPlatforms) = postSolution
		{4986A476-5EC9-43A0-A617-B74FDC904AB4}.Debug|Any CPU.ActiveCfg = Debug|Any CPU
		{4986A476-5EC9-43A0-A617-B74FDC904AB4}.Debug|Any CPU.Build.0 = Debug|Any CPU
		{4986A476-5EC9-43A0-A617-B74FDC904AB4}.Release|Any CPU.ActiveCfg = Release|Any CPU
		{4986A476-5EC9-43A0-A617-B74FDC904AB4}.Release|Any CPU.Build.0 = Release|Any CPU
	EndGlobalSection
	GlobalSection(SolutionProperties) = preSolution
		HideSolutionNode = FALSE
	EndGlobalSection
	GlobalSection(ExtensibilityGlobals) = postSolution
		SolutionGuid = {634316B3-DD75-4DEA-A96A-D21E0EB9E0B3}
	EndGlobalSection
EndGlobal
