
Microsoft Visual Studio Solution File, Format Version 12.00
# Visual Studio Version 16
VisualStudioVersion = 16.0.32002.261
MinimumVisualStudioVersion = 10.0.40219.1
Project("{FAE04EC0-301F-11D3-BF4B-00C04F79EFBC}") = "various_methods_PP", "various_methods_PP\various_methods_PP.csproj", "{17B4FBAA-8DC0-4873-808A-B1CD60842D5D}"
EndProject
Global
	GlobalSection(SolutionConfigurationPlatforms) = preSolution
		Debug|Any CPU = Debug|Any CPU
		Release|Any CPU = Release|Any CPU
	EndGlobalSection
	GlobalSection(ProjectConfigurationPlatforms) = postSolution
		{17B4FBAA-8DC0-4873-808A-B1CD60842D5D}.Debug|Any CPU.ActiveCfg = Debug|Any CPU
		{17B4FBAA-8DC0-4873-808A-B1CD60842D5D}.Debug|Any CPU.Build.0 = Debug|Any CPU
		{17B4FBAA-8DC0-4873-808A-B1CD60842D5D}.Release|Any CPU.ActiveCfg = Release|Any CPU
		{17B4FBAA-8DC0-4873-808A-B1CD60842D5D}.Release|Any CPU.Build.0 = Release|Any CPU
	EndGlobalSection
	GlobalSection(SolutionProperties) = preSolution
		HideSolutionNode = FALSE
	EndGlobalSection
	GlobalSection(ExtensibilityGlobals) = postSolution
		SolutionGuid = {C87088E2-F31F-44E2-B0D3-910D35B65B40}
	EndGlobalSection
EndGlobal
