
Microsoft Visual Studio Solution File, Format Version 12.00
# Visual Studio Version 17
VisualStudioVersion = 17.8.34330.188
MinimumVisualStudioVersion = 10.0.40219.1
Project("{FAE04EC0-301F-11D3-BF4B-00C04F79EFBC}") = "if_else_do_while_for_PP", "if_else_do_while_for_PP\if_else_do_while_for_PP.csproj", "{74D181FE-B531-4523-82A6-3894DFBE72EC}"
EndProject
Global
	GlobalSection(SolutionConfigurationPlatforms) = preSolution
		Debug|Any CPU = Debug|Any CPU
		Release|Any CPU = Release|Any CPU
	EndGlobalSection
	GlobalSection(ProjectConfigurationPlatforms) = postSolution
		{74D181FE-B531-4523-82A6-3894DFBE72EC}.Debug|Any CPU.ActiveCfg = Debug|Any CPU
		{74D181FE-B531-4523-82A6-3894DFBE72EC}.Debug|Any CPU.Build.0 = Debug|Any CPU
		{74D181FE-B531-4523-82A6-3894DFBE72EC}.Release|Any CPU.ActiveCfg = Release|Any CPU
		{74D181FE-B531-4523-82A6-3894DFBE72EC}.Release|Any CPU.Build.0 = Release|Any CPU
	EndGlobalSection
	GlobalSection(SolutionProperties) = preSolution
		HideSolutionNode = FALSE
	EndGlobalSection
	GlobalSection(ExtensibilityGlobals) = postSolution
		SolutionGuid = {CF621C94-70B4-4644-8300-44826FCEEEE0}
	EndGlobalSection
EndGlobal
