
Microsoft Visual Studio Solution File, Format Version 12.00
# Visual Studio Version 16
VisualStudioVersion = 16.0.31729.503
MinimumVisualStudioVersion = 10.0.40219.1
Project("{FAE04EC0-301F-11D3-BF4B-00C04F79EFBC}") = "adv_arrays_projects", "adv_arrays_projects\adv_arrays_projects.csproj", "{8BFCCEA3-5E26-43D9-A4FA-022C5E8FE7FA}"
EndProject
Global
	GlobalSection(SolutionConfigurationPlatforms) = preSolution
		Debug|Any CPU = Debug|Any CPU
		Release|Any CPU = Release|Any CPU
	EndGlobalSection
	GlobalSection(ProjectConfigurationPlatforms) = postSolution
		{8BFCCEA3-5E26-43D9-A4FA-022C5E8FE7FA}.Debug|Any CPU.ActiveCfg = Debug|Any CPU
		{8BFCCEA3-5E26-43D9-A4FA-022C5E8FE7FA}.Debug|Any CPU.Build.0 = Debug|Any CPU
		{8BFCCEA3-5E26-43D9-A4FA-022C5E8FE7FA}.Release|Any CPU.ActiveCfg = Release|Any CPU
		{8BFCCEA3-5E26-43D9-A4FA-022C5E8FE7FA}.Release|Any CPU.Build.0 = Release|Any CPU
	EndGlobalSection
	GlobalSection(SolutionProperties) = preSolution
		HideSolutionNode = FALSE
	EndGlobalSection
	GlobalSection(ExtensibilityGlobals) = postSolution
		SolutionGuid = {746E0C1D-BFF6-4989-8B36-14DC26C71386}
	EndGlobalSection
EndGlobal
